// !$*UTF8*$!
{
	archiveVersion = 1;
	classes = {
	};
	objectVersion = 50;
	objects = {

/* Begin PBXBuildFile section */
		76806AA82451466400E1645F /* AppDelegate.swift in Sources */ = {isa = PBXBuildFile; fileRef = 76806AA72451466400E1645F /* AppDelegate.swift */; };
		76806AAA2451466400E1645F /* SceneDelegate.swift in Sources */ = {isa = PBXBuildFile; fileRef = 76806AA92451466400E1645F /* SceneDelegate.swift */; };
		76806AAC2451466400E1645F /* ContentView.swift in Sources */ = {isa = PBXBuildFile; fileRef = 76806AAB2451466400E1645F /* ContentView.swift */; };
		76806AAE2451466400E1645F /* Assets.xcassets in Resources */ = {isa = PBXBuildFile; fileRef = 76806AAD2451466400E1645F /* Assets.xcassets */; };
		76806AB12451466400E1645F /* Preview Assets.xcassets in Resources */ = {isa = PBXBuildFile; fileRef = 76806AB02451466400E1645F /* Preview Assets.xcassets */; };
		76806AB42451466400E1645F /* LaunchScreen.storyboard in Resources */ = {isa = PBXBuildFile; fileRef = 76806AB22451466400E1645F /* LaunchScreen.storyboard */; };
		76806ABF2451466500E1645F /* FavouriteThingsTests.swift in Sources */ = {isa = PBXBuildFile; fileRef = 76806ABE2451466500E1645F /* FavouriteThingsTests.swift */; };
		76806ACA2451466500E1645F /* FavouriteThingsUITests.swift in Sources */ = {isa = PBXBuildFile; fileRef = 76806AC92451466500E1645F /* FavouriteThingsUITests.swift */; };
		76806AD82451477B00E1645F /* MasterView.swift in Sources */ = {isa = PBXBuildFile; fileRef = 76806AD72451477B00E1645F /* MasterView.swift */; };
		76806ADA2451478600E1645F /* DetailView.swift in Sources */ = {isa = PBXBuildFile; fileRef = 76806AD92451478600E1645F /* DetailView.swift */; };
		76806ADC245147A700E1645F /* RowView.swift in Sources */ = {isa = PBXBuildFile; fileRef = 76806ADB245147A700E1645F /* RowView.swift */; };
		76806ADE2451488A00E1645F /* ViewModel.swift in Sources */ = {isa = PBXBuildFile; fileRef = 76806ADD2451488A00E1645F /* ViewModel.swift */; };
		76806AE0245148AD00E1645F /* Thing.swift in Sources */ = {isa = PBXBuildFile; fileRef = 76806ADF245148AD00E1645F /* Thing.swift */; };
		76806B1E2451508600E1645F /* DetailViewModel.swift in Sources */ = {isa = PBXBuildFile; fileRef = 76806B1D2451508600E1645F /* DetailViewModel.swift */; };
		76C259BF245BE1DD00EA1A10 /* FavouriteThings.xcdatamodeld in Sources */ = {isa = PBXBuildFile; fileRef = 76C259BD245BE1DD00EA1A10 /* FavouriteThings.xcdatamodeld */; };
/* End PBXBuildFile section */

/* Begin PBXContainerItemProxy section */
		76806ABB2451466500E1645F /* PBXContainerItemProxy */ = {
			isa = PBXContainerItemProxy;
			containerPortal = 76806A9C2451466400E1645F /* Project object */;
			proxyType = 1;
			remoteGlobalIDString = 76806AA32451466400E1645F;
			remoteInfo = FavouriteThings;
		};
		76806AC62451466500E1645F /* PBXContainerItemProxy */ = {
			isa = PBXContainerItemProxy;
			containerPortal = 76806A9C2451466400E1645F /* Project object */;
			proxyType = 1;
			remoteGlobalIDString = 76806AA32451466400E1645F;
			remoteInfo = FavouriteThings;
		};
/* End PBXContainerItemProxy section */

/* Begin PBXFileReference section */
		76806AA42451466400E1645F /* FavouriteThings.app */ = {isa = PBXFileReference; explicitFileType = wrapper.application; includeInIndex = 0; path = FavouriteThings.app; sourceTree = BUILT_PRODUCTS_DIR; };
		76806AA72451466400E1645F /* AppDelegate.swift */ = {isa = PBXFileReference; lastKnownFileType = sourcecode.swift; path = AppDelegate.swift; sourceTree = "<group>"; };
		76806AA92451466400E1645F /* SceneDelegate.swift */ = {isa = PBXFileReference; lastKnownFileType = sourcecode.swift; path = SceneDelegate.swift; sourceTree = "<group>"; };
		76806AAB2451466400E1645F /* ContentView.swift */ = {isa = PBXFileReference; lastKnownFileType = sourcecode.swift; path = ContentView.swift; sourceTree = "<group>"; };
		76806AAD2451466400E1645F /* Assets.xcassets */ = {isa = PBXFileReference; lastKnownFileType = folder.assetcatalog; path = Assets.xcassets; sourceTree = "<group>"; };
		76806AB02451466400E1645F /* Preview Assets.xcassets */ = {isa = PBXFileReference; lastKnownFileType = folder.assetcatalog; path = "Preview Assets.xcassets"; sourceTree = "<group>"; };
		76806AB32451466400E1645F /* Base */ = {isa = PBXFileReference; lastKnownFileType = file.storyboard; name = Base; path = Base.lproj/LaunchScreen.storyboard; sourceTree = "<group>"; };
		76806AB52451466400E1645F /* Info.plist */ = {isa = PBXFileReference; lastKnownFileType = text.plist.xml; path = Info.plist; sourceTree = "<group>"; };
		76806ABA2451466500E1645F /* FavouriteThingsTests.xctest */ = {isa = PBXFileReference; explicitFileType = wrapper.cfbundle; includeInIndex = 0; path = FavouriteThingsTests.xctest; sourceTree = BUILT_PRODUCTS_DIR; };
		76806ABE2451466500E1645F /* FavouriteThingsTests.swift */ = {isa = PBXFileReference; lastKnownFileType = sourcecode.swift; path = FavouriteThingsTests.swift; sourceTree = "<group>"; };
		76806AC02451466500E1645F /* Info.plist */ = {isa = PBXFileReference; lastKnownFileType = text.plist.xml; path = Info.plist; sourceTree = "<group>"; };
		76806AC52451466500E1645F /* FavouriteThingsUITests.xctest */ = {isa = PBXFileReference; explicitFileType = wrapper.cfbundle; includeInIndex = 0; path = FavouriteThingsUITests.xctest; sourceTree = BUILT_PRODUCTS_DIR; };
		76806AC92451466500E1645F /* FavouriteThingsUITests.swift */ = {isa = PBXFileReference; lastKnownFileType = sourcecode.swift; path = FavouriteThingsUITests.swift; sourceTree = "<group>"; };
		76806ACB2451466500E1645F /* Info.plist */ = {isa = PBXFileReference; lastKnownFileType = text.plist.xml; path = Info.plist; sourceTree = "<group>"; };
		76806AD72451477B00E1645F /* MasterView.swift */ = {isa = PBXFileReference; lastKnownFileType = sourcecode.swift; path = MasterView.swift; sourceTree = "<group>"; };
		76806AD92451478600E1645F /* DetailView.swift */ = {isa = PBXFileReference; lastKnownFileType = sourcecode.swift; path = DetailView.swift; sourceTree = "<group>"; };
		76806ADB245147A700E1645F /* RowView.swift */ = {isa = PBXFileReference; lastKnownFileType = sourcecode.swift; path = RowView.swift; sourceTree = "<group>"; };
		76806ADD2451488A00E1645F /* ViewModel.swift */ = {isa = PBXFileReference; lastKnownFileType = sourcecode.swift; path = ViewModel.swift; sourceTree = "<group>"; };
		76806ADF245148AD00E1645F /* Thing.swift */ = {isa = PBXFileReference; lastKnownFileType = sourcecode.swift; path = Thing.swift; sourceTree = "<group>"; };
		76806B1D2451508600E1645F /* DetailViewModel.swift */ = {isa = PBXFileReference; lastKnownFileType = sourcecode.swift; path = DetailViewModel.swift; sourceTree = "<group>"; };
		76C259BE245BE1DD00EA1A10 /* FavouriteThings.xcdatamodel */ = {isa = PBXFileReference; lastKnownFileType = wrapper.xcdatamodel; path = FavouriteThings.xcdatamodel; sourceTree = "<group>"; };
/* End PBXFileReference section */

/* Begin PBXFrameworksBuildPhase section */
		76806AA12451466400E1645F /* Frameworks */ = {
			isa = PBXFrameworksBuildPhase;
			buildActionMask = 2147483647;
			files = (
			);
			runOnlyForDeploymentPostprocessing = 0;
		};
		76806AB72451466500E1645F /* Frameworks */ = {
			isa = PBXFrameworksBuildPhase;
			buildActionMask = 2147483647;
			files = (
			);
			runOnlyForDeploymentPostprocessing = 0;
		};
		76806AC22451466500E1645F /* Frameworks */ = {
			isa = PBXFrameworksBuildPhase;
			buildActionMask = 2147483647;
			files = (
			);
			runOnlyForDeploymentPostprocessing = 0;
		};
/* End PBXFrameworksBuildPhase section */

/* Begin PBXGroup section */
		76806A9B2451466400E1645F = {
			isa = PBXGroup;
			children = (
				76806AA62451466400E1645F /* FavouriteThings */,
				76806ABD2451466500E1645F /* FavouriteThingsTests */,
				76806AC82451466500E1645F /* FavouriteThingsUITests */,
				76806AA52451466400E1645F /* Products */,
			);
			sourceTree = "<group>";
		};
		76806AA52451466400E1645F /* Products */ = {
			isa = PBXGroup;
			children = (
				76806AA42451466400E1645F /* FavouriteThings.app */,
				76806ABA2451466500E1645F /* FavouriteThingsTests.xctest */,
				76806AC52451466500E1645F /* FavouriteThingsUITests.xctest */,
			);
			name = Products;
			sourceTree = "<group>";
		};
		76806AA62451466400E1645F /* FavouriteThings */ = {
			isa = PBXGroup;
			children = (
				76C259BD245BE1DD00EA1A10 /* FavouriteThings.xcdatamodeld */,
				76806AA72451466400E1645F /* AppDelegate.swift */,
				76806AA92451466400E1645F /* SceneDelegate.swift */,
				76806AAB2451466400E1645F /* ContentView.swift */,
				76806AD72451477B00E1645F /* MasterView.swift */,
				76806AD92451478600E1645F /* DetailView.swift */,
				76806ADB245147A700E1645F /* RowView.swift */,
				76806ADD2451488A00E1645F /* ViewModel.swift */,
				76806B1D2451508600E1645F /* DetailViewModel.swift */,
				76806ADF245148AD00E1645F /* Thing.swift */,
				76806AAD2451466400E1645F /* Assets.xcassets */,
				76806AB22451466400E1645F /* LaunchScreen.storyboard */,
				76806AB52451466400E1645F /* Info.plist */,
				76806AAF2451466400E1645F /* Preview Content */,
			);
			path = FavouriteThings;
			sourceTree = "<group>";
		};
		76806AAF2451466400E1645F /* Preview Content */ = {
			isa = PBXGroup;
			children = (
				76806AB02451466400E1645F /* Preview Assets.xcassets */,
			);
			path = "Preview Content";
			sourceTree = "<group>";
		};
		76806ABD2451466500E1645F /* FavouriteThingsTests */ = {
			isa = PBXGroup;
			children = (
				76806ABE2451466500E1645F /* FavouriteThingsTests.swift */,
				76806AC02451466500E1645F /* Info.plist */,
			);
			path = FavouriteThingsTests;
			sourceTree = "<group>";
		};
		76806AC82451466500E1645F /* FavouriteThingsUITests */ = {
			isa = PBXGroup;
			children = (
				76806AC92451466500E1645F /* FavouriteThingsUITests.swift */,
				76806ACB2451466500E1645F /* Info.plist */,
			);
			path = FavouriteThingsUITests;
			sourceTree = "<group>";
		};
/* End PBXGroup section */

/* Begin PBXNativeTarget section */
		76806AA32451466400E1645F /* FavouriteThings */ = {
			isa = PBXNativeTarget;
			buildConfigurationList = 76806ACE2451466500E1645F /* Build configuration list for PBXNativeTarget "FavouriteThings" */;
			buildPhases = (
				76806AA02451466400E1645F /* Sources */,
				76806AA12451466400E1645F /* Frameworks */,
				76806AA22451466400E1645F /* Resources */,
			);
			buildRules = (
			);
			dependencies = (
			);
			name = FavouriteThings;
			productName = FavouriteThings;
			productReference = 76806AA42451466400E1645F /* FavouriteThings.app */;
			productType = "com.apple.product-type.application";
		};
		76806AB92451466500E1645F /* FavouriteThingsTests */ = {
			isa = PBXNativeTarget;
			buildConfigurationList = 76806AD12451466500E1645F /* Build configuration list for PBXNativeTarget "FavouriteThingsTests" */;
			buildPhases = (
				76806AB62451466500E1645F /* Sources */,
				76806AB72451466500E1645F /* Frameworks */,
				76806AB82451466500E1645F /* Resources */,
			);
			buildRules = (
			);
			dependencies = (
				76806ABC2451466500E1645F /* PBXTargetDependency */,
			);
			name = FavouriteThingsTests;
			productName = FavouriteThingsTests;
			productReference = 76806ABA2451466500E1645F /* FavouriteThingsTests.xctest */;
			productType = "com.apple.product-type.bundle.unit-test";
		};
		76806AC42451466500E1645F /* FavouriteThingsUITests */ = {
			isa = PBXNativeTarget;
			buildConfigurationList = 76806AD42451466500E1645F /* Build configuration list for PBXNativeTarget "FavouriteThingsUITests" */;
			buildPhases = (
				76806AC12451466500E1645F /* Sources */,
				76806AC22451466500E1645F /* Frameworks */,
				76806AC32451466500E1645F /* Resources */,
			);
			buildRules = (
			);
			dependencies = (
				76806AC72451466500E1645F /* PBXTargetDependency */,
			);
			name = FavouriteThingsUITests;
			productName = FavouriteThingsUITests;
			productReference = 76806AC52451466500E1645F /* FavouriteThingsUITests.xctest */;
			productType = "com.apple.product-type.bundle.ui-testing";
		};
/* End PBXNativeTarget section */

/* Begin PBXProject section */
		76806A9C2451466400E1645F /* Project object */ = {
			isa = PBXProject;
			attributes = {
				LastSwiftUpdateCheck = 1140;
				LastUpgradeCheck = 1140;
				ORGANIZATIONNAME = "Zak Barker";
				TargetAttributes = {
					76806AA32451466400E1645F = {
						CreatedOnToolsVersion = 11.4;
					};
					76806AB92451466500E1645F = {
						CreatedOnToolsVersion = 11.4;
						TestTargetID = 76806AA32451466400E1645F;
					};
					76806AC42451466500E1645F = {
						CreatedOnToolsVersion = 11.4;
						TestTargetID = 76806AA32451466400E1645F;
					};
				};
			};
			buildConfigurationList = 76806A9F2451466400E1645F /* Build configuration list for PBXProject "FavouriteThings" */;
			compatibilityVersion = "Xcode 9.3";
			developmentRegion = en;
			hasScannedForEncodings = 0;
			knownRegions = (
				en,
				Base,
			);
			mainGroup = 76806A9B2451466400E1645F;
			productRefGroup = 76806AA52451466400E1645F /* Products */;
			projectDirPath = "";
			projectRoot = "";
			targets = (
				76806AA32451466400E1645F /* FavouriteThings */,
				76806AB92451466500E1645F /* FavouriteThingsTests */,
				76806AC42451466500E1645F /* FavouriteThingsUITests */,
			);
		};
/* End PBXProject section */

/* Begin PBXResourcesBuildPhase section */
		76806AA22451466400E1645F /* Resources */ = {
			isa = PBXResourcesBuildPhase;
			buildActionMask = 2147483647;
			files = (
				76806AB42451466400E1645F /* LaunchScreen.storyboard in Resources */,
				76806AB12451466400E1645F /* Preview Assets.xcassets in Resources */,
				76806AAE2451466400E1645F /* Assets.xcassets in Resources */,
			);
			runOnlyForDeploymentPostprocessing = 0;
		};
		76806AB82451466500E1645F /* Resources */ = {
			isa = PBXResourcesBuildPhase;
			buildActionMask = 2147483647;
			files = (
			);
			runOnlyForDeploymentPostprocessing = 0;
		};
		76806AC32451466500E1645F /* Resources */ = {
			isa = PBXResourcesBuildPhase;
			buildActionMask = 2147483647;
			files = (
			);
			runOnlyForDeploymentPostprocessing = 0;
		};
/* End PBXResourcesBuildPhase section */

/* Begin PBXSourcesBuildPhase section */
		76806AA02451466400E1645F /* Sources */ = {
			isa = PBXSourcesBuildPhase;
			buildActionMask = 2147483647;
			files = (
				76806AE0245148AD00E1645F /* Thing.swift in Sources */,
				76806AA82451466400E1645F /* AppDelegate.swift in Sources */,
				76C259BF245BE1DD00EA1A10 /* FavouriteThings.xcdatamodeld in Sources */,
				76806ADC245147A700E1645F /* RowView.swift in Sources */,
				76806AAA2451466400E1645F /* SceneDelegate.swift in Sources */,
				76806B1E2451508600E1645F /* DetailViewModel.swift in Sources */,
				76806AD82451477B00E1645F /* MasterView.swift in Sources */,
				76806ADA2451478600E1645F /* DetailView.swift in Sources */,
				76806AAC2451466400E1645F /* ContentView.swift in Sources */,
				76806ADE2451488A00E1645F /* ViewModel.swift in Sources */,
			);
			runOnlyForDeploymentPostprocessing = 0;
		};
		76806AB62451466500E1645F /* Sources */ = {
			isa = PBXSourcesBuildPhase;
			buildActionMask = 2147483647;
			files = (
				76806ABF2451466500E1645F /* FavouriteThingsTests.swift in Sources */,
			);
			runOnlyForDeploymentPostprocessing = 0;
		};
		76806AC12451466500E1645F /* Sources */ = {
			isa = PBXSourcesBuildPhase;
			buildActionMask = 2147483647;
			files = (
				76806ACA2451466500E1645F /* FavouriteThingsUITests.swift in Sources */,
			);
			runOnlyForDeploymentPostprocessing = 0;
		};
/* End PBXSourcesBuildPhase section */

/* Begin PBXTargetDependency section */
		76806ABC2451466500E1645F /* PBXTargetDependency */ = {
			isa = PBXTargetDependency;
			target = 76806AA32451466400E1645F /* FavouriteThings */;
			targetProxy = 76806ABB2451466500E1645F /* PBXContainerItemProxy */;
		};
		76806AC72451466500E1645F /* PBXTargetDependency */ = {
			isa = PBXTargetDependency;
			target = 76806AA32451466400E1645F /* FavouriteThings */;
			targetProxy = 76806AC62451466500E1645F /* PBXContainerItemProxy */;
		};
/* End PBXTargetDependency section */

/* Begin PBXVariantGroup section */
		76806AB22451466400E1645F /* LaunchScreen.storyboard */ = {
			isa = PBXVariantGroup;
			children = (
				76806AB32451466400E1645F /* Base */,
			);
			name = LaunchScreen.storyboard;
			sourceTree = "<group>";
		};
/* End PBXVariantGroup section */

/* Begin XCBuildConfiguration section */
		76806ACC2451466500E1645F /* Debug */ = {
			isa = XCBuildConfiguration;
			buildSettings = {
				ALWAYS_SEARCH_USER_PATHS = NO;
				CLANG_ANALYZER_NONNULL = YES;
				CLANG_ANALYZER_NUMBER_OBJECT_CONVERSION = YES_AGGRESSIVE;
				CLANG_CXX_LANGUAGE_STANDARD = "gnu++14";
				CLANG_CXX_LIBRARY = "libc++";
				CLANG_ENABLE_MODULES = YES;
				CLANG_ENABLE_OBJC_ARC = YES;
				CLANG_ENABLE_OBJC_WEAK = YES;
				CLANG_WARN_BLOCK_CAPTURE_AUTORELEASING = YES;
				CLANG_WARN_BOOL_CONVERSION = YES;
				CLANG_WARN_COMMA = YES;
				CLANG_WARN_CONSTANT_CONVERSION = YES;
				CLANG_WARN_DEPRECATED_OBJC_IMPLEMENTATIONS = YES;
				CLANG_WARN_DIRECT_OBJC_ISA_USAGE = YES_ERROR;
				CLANG_WARN_DOCUMENTATION_COMMENTS = YES;
				CLANG_WARN_EMPTY_BODY = YES;
				CLANG_WARN_ENUM_CONVERSION = YES;
				CLANG_WARN_INFINITE_RECURSION = YES;
				CLANG_WARN_INT_CONVERSION = YES;
				CLANG_WARN_NON_LITERAL_NULL_CONVERSION = YES;
				CLANG_WARN_OBJC_IMPLICIT_RETAIN_SELF = YES;
				CLANG_WARN_OBJC_LITERAL_CONVERSION = YES;
				CLANG_WARN_OBJC_ROOT_CLASS = YES_ERROR;
				CLANG_WARN_RANGE_LOOP_ANALYSIS = YES;
				CLANG_WARN_STRICT_PROTOTYPES = YES;
				CLANG_WARN_SUSPICIOUS_MOVE = YES;
				CLANG_WARN_UNGUARDED_AVAILABILITY = YES_AGGRESSIVE;
				CLANG_WARN_UNREACHABLE_CODE = YES;
				CLANG_WARN__DUPLICATE_METHOD_MATCH = YES;
				COPY_PHASE_STRIP = NO;
				DEBUG_INFORMATION_FORMAT = dwarf;
				ENABLE_STRICT_OBJC_MSGSEND = YES;
				ENABLE_TESTABILITY = YES;
				GCC_C_LANGUAGE_STANDARD = gnu11;
				GCC_DYNAMIC_NO_PIC = NO;
				GCC_NO_COMMON_BLOCKS = YES;
				GCC_OPTIMIZATION_LEVEL = 0;
				GCC_PREPROCESSOR_DEFINITIONS = (
					"DEBUG=1",
					"$(inherited)",
				);
				GCC_WARN_64_TO_32_BIT_CONVERSION = YES;
				GCC_WARN_ABOUT_RETURN_TYPE = YES_ERROR;
				GCC_WARN_UNDECLARED_SELECTOR = YES;
				GCC_WARN_UNINITIALIZED_AUTOS = YES_AGGRESSIVE;
				GCC_WARN_UNUSED_FUNCTION = YES;
				GCC_WARN_UNUSED_VARIABLE = YES;
				IPHONEOS_DEPLOYMENT_TARGET = 13.4;
				MTL_ENABLE_DEBUG_INFO = INCLUDE_SOURCE;
				MTL_FAST_MATH = YES;
				ONLY_ACTIVE_ARCH = YES;
				SDKROOT = iphoneos;
				SWIFT_ACTIVE_COMPILATION_CONDITIONS = DEBUG;
				SWIFT_OPTIMIZATION_LEVEL = "-Onone";
			};
			name = Debug;
		};
		76806ACD2451466500E1645F /* Release */ = {
			isa = XCBuildConfiguration;
			buildSettings = {
				ALWAYS_SEARCH_USER_PATHS = NO;
				CLANG_ANALYZER_NONNULL = YES;
				CLANG_ANALYZER_NUMBER_OBJECT_CONVERSION = YES_AGGRESSIVE;
				CLANG_CXX_LANGUAGE_STANDARD = "gnu++14";
				CLANG_CXX_LIBRARY = "libc++";
				CLANG_ENABLE_MODULES = YES;
				CLANG_ENABLE_OBJC_ARC = YES;
				CLANG_ENABLE_OBJC_WEAK = YES;
				CLANG_WARN_BLOCK_CAPTURE_AUTORELEASING = YES;
				CLANG_WARN_BOOL_CONVERSION = YES;
				CLANG_WARN_COMMA = YES;
				CLANG_WARN_CONSTANT_CONVERSION = YES;
				CLANG_WARN_DEPRECATED_OBJC_IMPLEMENTATIONS = YES;
				CLANG_WARN_DIRECT_OBJC_ISA_USAGE = YES_ERROR;
				CLANG_WARN_DOCUMENTATION_COMMENTS = YES;
				CLANG_WARN_EMPTY_BODY = YES;
				CLANG_WARN_ENUM_CONVERSION = YES;
				CLANG_WARN_INFINITE_RECURSION = YES;
				CLANG_WARN_INT_CONVERSION = YES;
				CLANG_WARN_NON_LITERAL_NULL_CONVERSION = YES;
				CLANG_WARN_OBJC_IMPLICIT_RETAIN_SELF = YES;
				CLANG_WARN_OBJC_LITERAL_CONVERSION = YES;
				CLANG_WARN_OBJC_ROOT_CLASS = YES_ERROR;
				CLANG_WARN_RANGE_LOOP_ANALYSIS = YES;
				CLANG_WARN_STRICT_PROTOTYPES = YES;
				CLANG_WARN_SUSPICIOUS_MOVE = YES;
				CLANG_WARN_UNGUARDED_AVAILABILITY = YES_AGGRESSIVE;
				CLANG_WARN_UNREACHABLE_CODE = YES;
				CLANG_WARN__DUPLICATE_METHOD_MATCH = YES;
				COPY_PHASE_STRIP = NO;
				DEBUG_INFORMATION_FORMAT = "dwarf-with-dsym";
				ENABLE_NS_ASSERTIONS = NO;
				ENABLE_STRICT_OBJC_MSGSEND = YES;
				GCC_C_LANGUAGE_STANDARD = gnu11;
				GCC_NO_COMMON_BLOCKS = YES;
				GCC_WARN_64_TO_32_BIT_CONVERSION = YES;
				GCC_WARN_ABOUT_RETURN_TYPE = YES_ERROR;
				GCC_WARN_UNDECLARED_SELECTOR = YES;
				GCC_WARN_UNINITIALIZED_AUTOS = YES_AGGRESSIVE;
				GCC_WARN_UNUSED_FUNCTION = YES;
				GCC_WARN_UNUSED_VARIABLE = YES;
				IPHONEOS_DEPLOYMENT_TARGET = 13.4;
				MTL_ENABLE_DEBUG_INFO = NO;
				MTL_FAST_MATH = YES;
				SDKROOT = iphoneos;
				SWIFT_COMPILATION_MODE = wholemodule;
				SWIFT_OPTIMIZATION_LEVEL = "-O";
				VALIDATE_PRODUCT = YES;
			};
			name = Release;
		};
		76806ACF2451466500E1645F /* Debug */ = {
			isa = XCBuildConfiguration;
			buildSettings = {
				ASSETCATALOG_COMPILER_APPICON_NAME = AppIcon;
				CODE_SIGN_STYLE = Automatic;
				DEVELOPMENT_ASSET_PATHS = "\"FavouriteThings/Preview Content\"";
				ENABLE_PREVIEWS = YES;
				INFOPLIST_FILE = FavouriteThings/Info.plist;
				LD_RUNPATH_SEARCH_PATHS = (
					"$(inherited)",
					"@executable_path/Frameworks",
				);
				PRODUCT_BUNDLE_IDENTIFIER = au.edu.griffith.FavouriteThings;
				PRODUCT_NAME = "$(TARGET_NAME)";
				SWIFT_VERSION = 5.0;
				TARGETED_DEVICE_FAMILY = "1,2";
			};
			name = Debug;
		};
		76806AD02451466500E1645F /* Release */ = {
			isa = XCBuildConfiguration;
			buildSettings = {
				ASSETCATALOG_COMPILER_APPICON_NAME = AppIcon;
				CODE_SIGN_STYLE = Automatic;
				DEVELOPMENT_ASSET_PATHS = "\"FavouriteThings/Preview Content\"";
				ENABLE_PREVIEWS = YES;
				INFOPLIST_FILE = FavouriteThings/Info.plist;
				LD_RUNPATH_SEARCH_PATHS = (
					"$(inherited)",
					"@executable_path/Frameworks",
				);
				PRODUCT_BUNDLE_IDENTIFIER = au.edu.griffith.FavouriteThings;
				PRODUCT_NAME = "$(TARGET_NAME)";
				SWIFT_VERSION = 5.0;
				TARGETED_DEVICE_FAMILY = "1,2";
			};
			name = Release;
		};
		76806AD22451466500E1645F /* Debug */ = {
			isa = XCBuildConfiguration;
			buildSettings = {
				ALWAYS_EMBED_SWIFT_STANDARD_LIBRARIES = YES;
				BUNDLE_LOADER = "$(TEST_HOST)";
				CODE_SIGN_STYLE = Automatic;
				INFOPLIST_FILE = FavouriteThingsTests/Info.plist;
				IPHONEOS_DEPLOYMENT_TARGET = 13.4;
				LD_RUNPATH_SEARCH_PATHS = (
					"$(inherited)",
					"@executable_path/Frameworks",
					"@loader_path/Frameworks",
				);
				PRODUCT_BUNDLE_IDENTIFIER = au.edu.griffith.FavouriteThingsTests;
				PRODUCT_NAME = "$(TARGET_NAME)";
				SWIFT_VERSION = 5.0;
				TARGETED_DEVICE_FAMILY = "1,2";
				TEST_HOST = "$(BUILT_PRODUCTS_DIR)/FavouriteThings.app/FavouriteThings";
			};
			name = Debug;
		};
		76806AD32451466500E1645F /* Release */ = {
			isa = XCBuildConfiguration;
			buildSettings = {
				ALWAYS_EMBED_SWIFT_STANDARD_LIBRARIES = YES;
				BUNDLE_LOADER = "$(TEST_HOST)";
				CODE_SIGN_STYLE = Automatic;
				INFOPLIST_FILE = FavouriteThingsTests/Info.plist;
				IPHONEOS_DEPLOYMENT_TARGET = 13.4;
				LD_RUNPATH_SEARCH_PATHS = (
					"$(inherited)",
					"@executable_path/Frameworks",
					"@loader_path/Frameworks",
				);
				PRODUCT_BUNDLE_IDENTIFIER = au.edu.griffith.FavouriteThingsTests;
				PRODUCT_NAME = "$(TARGET_NAME)";
				SWIFT_VERSION = 5.0;
				TARGETED_DEVICE_FAMILY = "1,2";
				TEST_HOST = "$(BUILT_PRODUCTS_DIR)/FavouriteThings.app/FavouriteThings";
			};
			name = Release;
		};
		76806AD52451466500E1645F /* Debug */ = {
			isa = XCBuildConfiguration;
			buildSettings = {
				ALWAYS_EMBED_SWIFT_STANDARD_LIBRARIES = YES;
				CODE_SIGN_STYLE = Automatic;
				INFOPLIST_FILE = FavouriteThingsUITests/Info.plist;
				LD_RUNPATH_SEARCH_PATHS = (
					"$(inherited)",
					"@executable_path/Frameworks",
					"@loader_path/Frameworks",
				);
				PRODUCT_BUNDLE_IDENTIFIER = au.edu.griffith.FavouriteThingsUITests;
				PRODUCT_NAME = "$(TARGET_NAME)";
				SWIFT_VERSION = 5.0;
				TARGETED_DEVICE_FAMILY = "1,2";
				TEST_TARGET_NAME = FavouriteThings;
			};
			name = Debug;
		};
		76806AD62451466500E1645F /* Release */ = {
			isa = XCBuildConfiguration;
			buildSettings = {
				ALWAYS_EMBED_SWIFT_STANDARD_LIBRARIES = YES;
				CODE_SIGN_STYLE = Automatic;
				INFOPLIST_FILE = FavouriteThingsUITests/Info.plist;
				LD_RUNPATH_SEARCH_PATHS = (
					"$(inherited)",
					"@executable_path/Frameworks",
					"@loader_path/Frameworks",
				);
				PRODUCT_BUNDLE_IDENTIFIER = au.edu.griffith.FavouriteThingsUITests;
				PRODUCT_NAME = "$(TARGET_NAME)";
				SWIFT_VERSION = 5.0;
				TARGETED_DEVICE_FAMILY = "1,2";
				TEST_TARGET_NAME = FavouriteThings;
			};
			name = Release;
		};
/* End XCBuildConfiguration section */

/* Begin XCConfigurationList section */
		76806A9F2451466400E1645F /* Build configuration list for PBXProject "FavouriteThings" */ = {
			isa = XCConfigurationList;
			buildConfigurations = (
				76806ACC2451466500E1645F /* Debug */,
				76806ACD2451466500E1645F /* Release */,
			);
			defaultConfigurationIsVisible = 0;
			defaultConfigurationName = Release;
		};
		76806ACE2451466500E1645F /* Build configuration list for PBXNativeTarget "FavouriteThings" */ = {
			isa = XCConfigurationList;
			buildConfigurations = (
				76806ACF2451466500E1645F /* Debug */,
				76806AD02451466500E1645F /* Release */,
			);
			defaultConfigurationIsVisible = 0;
			defaultConfigurationName = Release;
		};
		76806AD12451466500E1645F /* Build configuration list for PBXNativeTarget "FavouriteThingsTests" */ = {
			isa = XCConfigurationList;
			buildConfigurations = (
				76806AD22451466500E1645F /* Debug */,
				76806AD32451466500E1645F /* Release */,
			);
			defaultConfigurationIsVisible = 0;
			defaultConfigurationName = Release;
		};
		76806AD42451466500E1645F /* Build configuration list for PBXNativeTarget "FavouriteThingsUITests" */ = {
			isa = XCConfigurationList;
			buildConfigurations = (
				76806AD52451466500E1645F /* Debug */,
				76806AD62451466500E1645F /* Release */,
			);
			defaultConfigurationIsVisible = 0;
			defaultConfigurationName = Release;
		};
/* End XCConfigurationList section */

/* Begin XCVersionGroup section */
		76C259BD245BE1DD00EA1A10 /* FavouriteThings.xcdatamodeld */ = {
			isa = XCVersionGroup;
			children = (
				76C259BE245BE1DD00EA1A10 /* FavouriteThings.xcdatamodel */,
			);
			currentVersion = 76C259BE245BE1DD00EA1A10 /* FavouriteThings.xcdatamodel */;
			path = FavouriteThings.xcdatamodeld;
			sourceTree = "<group>";
			versionGroupType = wrapper.xcdatamodel;
		};
/* End XCVersionGroup section */
	};
	rootObject = 76806A9C2451466400E1645F /* Project object */;
}
